// !$*UTF8*$!
{
	archiveVersion = 1;
	classes = {
	};
	objectVersion = 50;
	objects = {

/* Begin PBXBuildFile section */
		6307AF1820E7C45E00E365E4 /* Types.swift in Sources */ = {isa = PBXBuildFile; fileRef = 6307AF1720E7C45E00E365E4 /* Types.swift */; };
		6307AF1A20E90D1400E365E4 /* JSONTests.swift in Sources */ = {isa = PBXBuildFile; fileRef = 6307AF1920E90D1400E365E4 /* JSONTests.swift */; };
		6307AF1C20E90D1E00E365E4 /* JSON.swift in Sources */ = {isa = PBXBuildFile; fileRef = 6307AF1B20E90D1E00E365E4 /* JSON.swift */; };
		6307AF1E20E9567900E365E4 /* JavaScript.swift in Sources */ = {isa = PBXBuildFile; fileRef = 6307AF1D20E9567900E365E4 /* JavaScript.swift */; };
		6307AF2020E9568900E365E4 /* JavaScriptTests.swift in Sources */ = {isa = PBXBuildFile; fileRef = 6307AF1F20E9568900E365E4 /* JavaScriptTests.swift */; };
		63F8F4F420E565D900C2BD5C /* DynamicSwift.framework in Frameworks */ = {isa = PBXBuildFile; fileRef = 63F8F4EA20E565D800C2BD5C /* DynamicSwift.framework */; };
		63F8F4F920E565D900C2BD5C /* PListSerializerTests.swift in Sources */ = {isa = PBXBuildFile; fileRef = 63F8F4F820E565D900C2BD5C /* PListSerializerTests.swift */; };
		63F8F4FB20E565D900C2BD5C /* DynamicSwift.h in Headers */ = {isa = PBXBuildFile; fileRef = 63F8F4ED20E565D800C2BD5C /* DynamicSwift.h */; settings = {ATTRIBUTES = (Public, ); }; };
		63F8F50520E5662800C2BD5C /* PListSerializer.swift in Sources */ = {isa = PBXBuildFile; fileRef = 63F8F50420E5662800C2BD5C /* PListSerializer.swift */; };
/* End PBXBuildFile section */

/* Begin PBXContainerItemProxy section */
		63F8F4F520E565D900C2BD5C /* PBXContainerItemProxy */ = {
			isa = PBXContainerItemProxy;
			containerPortal = 63F8F4E120E565D800C2BD5C /* Project object */;
			proxyType = 1;
			remoteGlobalIDString = 63F8F4E920E565D800C2BD5C;
			remoteInfo = DynamicSwift;
		};
/* End PBXContainerItemProxy section */

/* Begin PBXFileReference section */
		6307AF1720E7C45E00E365E4 /* Types.swift */ = {isa = PBXFileReference; lastKnownFileType = sourcecode.swift; path = Types.swift; sourceTree = "<group>"; };
		6307AF1920E90D1400E365E4 /* JSONTests.swift */ = {isa = PBXFileReference; lastKnownFileType = sourcecode.swift; path = JSONTests.swift; sourceTree = "<group>"; };
		6307AF1B20E90D1E00E365E4 /* JSON.swift */ = {isa = PBXFileReference; lastKnownFileType = sourcecode.swift; path = JSON.swift; sourceTree = "<group>"; };
		6307AF1D20E9567900E365E4 /* JavaScript.swift */ = {isa = PBXFileReference; lastKnownFileType = sourcecode.swift; path = JavaScript.swift; sourceTree = "<group>"; };
		6307AF1F20E9568900E365E4 /* JavaScriptTests.swift */ = {isa = PBXFileReference; lastKnownFileType = sourcecode.swift; path = JavaScriptTests.swift; sourceTree = "<group>"; };
		63F8F4EA20E565D800C2BD5C /* DynamicSwift.framework */ = {isa = PBXFileReference; explicitFileType = wrapper.framework; includeInIndex = 0; path = DynamicSwift.framework; sourceTree = BUILT_PRODUCTS_DIR; };
		63F8F4ED20E565D800C2BD5C /* DynamicSwift.h */ = {isa = PBXFileReference; lastKnownFileType = sourcecode.c.h; path = DynamicSwift.h; sourceTree = "<group>"; };
		63F8F4EE20E565D800C2BD5C /* Info.plist */ = {isa = PBXFileReference; lastKnownFileType = text.plist.xml; path = Info.plist; sourceTree = "<group>"; };
		63F8F4F320E565D900C2BD5C /* DynamicSwiftTests.xctest */ = {isa = PBXFileReference; explicitFileType = wrapper.cfbundle; includeInIndex = 0; path = DynamicSwiftTests.xctest; sourceTree = BUILT_PRODUCTS_DIR; };
		63F8F4F820E565D900C2BD5C /* PListSerializerTests.swift */ = {isa = PBXFileReference; lastKnownFileType = sourcecode.swift; path = PListSerializerTests.swift; sourceTree = "<group>"; };
		63F8F4FA20E565D900C2BD5C /* Info.plist */ = {isa = PBXFileReference; lastKnownFileType = text.plist.xml; path = Info.plist; sourceTree = "<group>"; };
		63F8F50420E5662800C2BD5C /* PListSerializer.swift */ = {isa = PBXFileReference; lastKnownFileType = sourcecode.swift; path = PListSerializer.swift; sourceTree = "<group>"; };
/* End PBXFileReference section */

/* Begin PBXFrameworksBuildPhase section */
		63F8F4E720E565D800C2BD5C /* Frameworks */ = {
			isa = PBXFrameworksBuildPhase;
			buildActionMask = 2147483647;
			files = (
			);
			runOnlyForDeploymentPostprocessing = 0;
		};
		63F8F4F020E565D900C2BD5C /* Frameworks */ = {
			isa = PBXFrameworksBuildPhase;
			buildActionMask = 2147483647;
			files = (
				63F8F4F420E565D900C2BD5C /* DynamicSwift.framework in Frameworks */,
			);
			runOnlyForDeploymentPostprocessing = 0;
		};
/* End PBXFrameworksBuildPhase section */

/* Begin PBXGroup section */
		63F8F4E020E565D800C2BD5C = {
			isa = PBXGroup;
			children = (
				63F8F4EC20E565D800C2BD5C /* DynamicSwift */,
				63F8F4F720E565D900C2BD5C /* DynamicSwiftTests */,
				63F8F4EB20E565D800C2BD5C /* Products */,
			);
			sourceTree = "<group>";
		};
		63F8F4EB20E565D800C2BD5C /* Products */ = {
			isa = PBXGroup;
			children = (
				63F8F4EA20E565D800C2BD5C /* DynamicSwift.framework */,
				63F8F4F320E565D900C2BD5C /* DynamicSwiftTests.xctest */,
			);
			name = Products;
			sourceTree = "<group>";
		};
		63F8F4EC20E565D800C2BD5C /* DynamicSwift */ = {
			isa = PBXGroup;
			children = (
				6307AF1B20E90D1E00E365E4 /* JSON.swift */,
				6307AF1D20E9567900E365E4 /* JavaScript.swift */,
				63F8F50420E5662800C2BD5C /* PListSerializer.swift */,
				63F8F4ED20E565D800C2BD5C /* DynamicSwift.h */,
				63F8F4EE20E565D800C2BD5C /* Info.plist */,
			);
			path = DynamicSwift;
			sourceTree = "<group>";
		};
		63F8F4F720E565D900C2BD5C /* DynamicSwiftTests */ = {
			isa = PBXGroup;
			children = (
				6307AF1920E90D1400E365E4 /* JSONTests.swift */,
				6307AF1F20E9568900E365E4 /* JavaScriptTests.swift */,
				63F8F4F820E565D900C2BD5C /* PListSerializerTests.swift */,
				6307AF1720E7C45E00E365E4 /* Types.swift */,
				63F8F4FA20E565D900C2BD5C /* Info.plist */,
			);
			path = DynamicSwiftTests;
			sourceTree = "<group>";
		};
/* End PBXGroup section */

/* Begin PBXHeadersBuildPhase section */
		63F8F4E520E565D800C2BD5C /* Headers */ = {
			isa = PBXHeadersBuildPhase;
			buildActionMask = 2147483647;
			files = (
				63F8F4FB20E565D900C2BD5C /* DynamicSwift.h in Headers */,
			);
			runOnlyForDeploymentPostprocessing = 0;
		};
/* End PBXHeadersBuildPhase section */

/* Begin PBXNativeTarget section */
		63F8F4E920E565D800C2BD5C /* DynamicSwift */ = {
			isa = PBXNativeTarget;
			buildConfigurationList = 63F8F4FE20E565D900C2BD5C /* Build configuration list for PBXNativeTarget "DynamicSwift" */;
			buildPhases = (
				63F8F4E520E565D800C2BD5C /* Headers */,
				63F8F4E620E565D800C2BD5C /* Sources */,
				63F8F4E720E565D800C2BD5C /* Frameworks */,
				63F8F4E820E565D800C2BD5C /* Resources */,
			);
			buildRules = (
			);
			dependencies = (
			);
			name = DynamicSwift;
			productName = DynamicSwift;
			productReference = 63F8F4EA20E565D800C2BD5C /* DynamicSwift.framework */;
			productType = "com.apple.product-type.framework";
		};
		63F8F4F220E565D900C2BD5C /* DynamicSwiftTests */ = {
			isa = PBXNativeTarget;
			buildConfigurationList = 63F8F50120E565D900C2BD5C /* Build configuration list for PBXNativeTarget "DynamicSwiftTests" */;
			buildPhases = (
				63F8F4EF20E565D900C2BD5C /* Sources */,
				63F8F4F020E565D900C2BD5C /* Frameworks */,
				63F8F4F120E565D900C2BD5C /* Resources */,
			);
			buildRules = (
			);
			dependencies = (
				63F8F4F620E565D900C2BD5C /* PBXTargetDependency */,
			);
			name = DynamicSwiftTests;
			productName = DynamicSwiftTests;
			productReference = 63F8F4F320E565D900C2BD5C /* DynamicSwiftTests.xctest */;
			productType = "com.apple.product-type.bundle.unit-test";
		};
/* End PBXNativeTarget section */

/* Begin PBXProject section */
		63F8F4E120E565D800C2BD5C /* Project object */ = {
			isa = PBXProject;
			attributes = {
				LastSwiftUpdateCheck = 1000;
				LastUpgradeCheck = 1000;
				ORGANIZATIONNAME = "David Hart";
				TargetAttributes = {
					63F8F4E920E565D800C2BD5C = {
						CreatedOnToolsVersion = 10.0;
						LastSwiftMigration = 1000;
					};
					63F8F4F220E565D900C2BD5C = {
						CreatedOnToolsVersion = 10.0;
					};
				};
			};
			buildConfigurationList = 63F8F4E420E565D800C2BD5C /* Build configuration list for PBXProject "DynamicSwift" */;
			compatibilityVersion = "Xcode 9.3";
			developmentRegion = en;
			hasScannedForEncodings = 0;
			knownRegions = (
				en,
			);
			mainGroup = 63F8F4E020E565D800C2BD5C;
			productRefGroup = 63F8F4EB20E565D800C2BD5C /* Products */;
			projectDirPath = "";
			projectRoot = "";
			targets = (
				63F8F4E920E565D800C2BD5C /* DynamicSwift */,
				63F8F4F220E565D900C2BD5C /* DynamicSwiftTests */,
			);
		};
/* End PBXProject section */

/* Begin PBXResourcesBuildPhase section */
		63F8F4E820E565D800C2BD5C /* Resources */ = {
			isa = PBXResourcesBuildPhase;
			buildActionMask = 2147483647;
			files = (
			);
			runOnlyForDeploymentPostprocessing = 0;
		};
		63F8F4F120E565D900C2BD5C /* Resources */ = {
			isa = PBXResourcesBuildPhase;
			buildActionMask = 2147483647;
			files = (
			);
			runOnlyForDeploymentPostprocessing = 0;
		};
/* End PBXResourcesBuildPhase section */

/* Begin PBXSourcesBuildPhase section */
		63F8F4E620E565D800C2BD5C /* Sources */ = {
			isa = PBXSourcesBuildPhase;
			buildActionMask = 2147483647;
			files = (
				6307AF1E20E9567900E365E4 /* JavaScript.swift in Sources */,
				63F8F50520E5662800C2BD5C /* PListSerializer.swift in Sources */,
				6307AF1C20E90D1E00E365E4 /* JSON.swift in Sources */,
			);
			runOnlyForDeploymentPostprocessing = 0;
		};
		63F8F4EF20E565D900C2BD5C /* Sources */ = {
			isa = PBXSourcesBuildPhase;
			buildActionMask = 2147483647;
			files = (
				63F8F4F920E565D900C2BD5C /* PListSerializerTests.swift in Sources */,
				6307AF1A20E90D1400E365E4 /* JSONTests.swift in Sources */,
				6307AF2020E9568900E365E4 /* JavaScriptTests.swift in Sources */,
				6307AF1820E7C45E00E365E4 /* Types.swift in Sources */,
			);
			runOnlyForDeploymentPostprocessing = 0;
		};
/* End PBXSourcesBuildPhase section */

/* Begin PBXTargetDependency section */
		63F8F4F620E565D900C2BD5C /* PBXTargetDependency */ = {
			isa = PBXTargetDependency;
			target = 63F8F4E920E565D800C2BD5C /* DynamicSwift */;
			targetProxy = 63F8F4F520E565D900C2BD5C /* PBXContainerItemProxy */;
		};
/* End PBXTargetDependency section */

/* Begin XCBuildConfiguration section */
		63F8F4FC20E565D900C2BD5C /* Debug */ = {
			isa = XCBuildConfiguration;
			buildSettings = {
				ALWAYS_SEARCH_USER_PATHS = NO;
				CLANG_ANALYZER_NONNULL = YES;
				CLANG_ANALYZER_NUMBER_OBJECT_CONVERSION = YES_AGGRESSIVE;
				CLANG_CXX_LANGUAGE_STANDARD = "gnu++14";
				CLANG_CXX_LIBRARY = "libc++";
				CLANG_ENABLE_MODULES = YES;
				CLANG_ENABLE_OBJC_ARC = YES;
				CLANG_ENABLE_OBJC_WEAK = YES;
				CLANG_WARN_BLOCK_CAPTURE_AUTORELEASING = YES;
				CLANG_WARN_BOOL_CONVERSION = YES;
				CLANG_WARN_COMMA = YES;
				CLANG_WARN_CONSTANT_CONVERSION = YES;
				CLANG_WARN_DEPRECATED_OBJC_IMPLEMENTATIONS = YES;
				CLANG_WARN_DIRECT_OBJC_ISA_USAGE = YES_ERROR;
				CLANG_WARN_DOCUMENTATION_COMMENTS = YES;
				CLANG_WARN_EMPTY_BODY = YES;
				CLANG_WARN_ENUM_CONVERSION = YES;
				CLANG_WARN_INFINITE_RECURSION = YES;
				CLANG_WARN_INT_CONVERSION = YES;
				CLANG_WARN_NON_LITERAL_NULL_CONVERSION = YES;
				CLANG_WARN_OBJC_IMPLICIT_RETAIN_SELF = YES;
				CLANG_WARN_OBJC_LITERAL_CONVERSION = YES;
				CLANG_WARN_OBJC_ROOT_CLASS = YES_ERROR;
				CLANG_WARN_RANGE_LOOP_ANALYSIS = YES;
				CLANG_WARN_STRICT_PROTOTYPES = YES;
				CLANG_WARN_SUSPICIOUS_MOVE = YES;
				CLANG_WARN_UNGUARDED_AVAILABILITY = YES_AGGRESSIVE;
				CLANG_WARN_UNREACHABLE_CODE = YES;
				CLANG_WARN__DUPLICATE_METHOD_MATCH = YES;
				CODE_SIGN_IDENTITY = "Mac Developer";
				COPY_PHASE_STRIP = NO;
				CURRENT_PROJECT_VERSION = 1;
				DEBUG_INFORMATION_FORMAT = dwarf;
				ENABLE_STRICT_OBJC_MSGSEND = YES;
				ENABLE_TESTABILITY = YES;
				GCC_C_LANGUAGE_STANDARD = gnu11;
				GCC_DYNAMIC_NO_PIC = NO;
				GCC_NO_COMMON_BLOCKS = YES;
				GCC_OPTIMIZATION_LEVEL = 0;
				GCC_PREPROCESSOR_DEFINITIONS = (
					"DEBUG=1",
					"$(inherited)",
				);
				GCC_WARN_64_TO_32_BIT_CONVERSION = YES;
				GCC_WARN_ABOUT_RETURN_TYPE = YES_ERROR;
				GCC_WARN_UNDECLARED_SELECTOR = YES;
				GCC_WARN_UNINITIALIZED_AUTOS = YES_AGGRESSIVE;
				GCC_WARN_UNUSED_FUNCTION = YES;
				GCC_WARN_UNUSED_VARIABLE = YES;
				MACOSX_DEPLOYMENT_TARGET = 10.13;
				MTL_ENABLE_DEBUG_INFO = INCLUDE_SOURCE;
				ONLY_ACTIVE_ARCH = YES;
				SDKROOT = macosx;
				SWIFT_ACTIVE_COMPILATION_CONDITIONS = DEBUG;
				SWIFT_OPTIMIZATION_LEVEL = "-Onone";
				VERSIONING_SYSTEM = "apple-generic";
				VERSION_INFO_PREFIX = "";
			};
			name = Debug;
		};
		63F8F4FD20E565D900C2BD5C /* Release */ = {
			isa = XCBuildConfiguration;
			buildSettings = {
				ALWAYS_SEARCH_USER_PATHS = NO;
				CLANG_ANALYZER_NONNULL = YES;
				CLANG_ANALYZER_NUMBER_OBJECT_CONVERSION = YES_AGGRESSIVE;
				CLANG_CXX_LANGUAGE_STANDARD = "gnu++14";
				CLANG_CXX_LIBRARY = "libc++";
				CLANG_ENABLE_MODULES = YES;
				CLANG_ENABLE_OBJC_ARC = YES;
				CLANG_ENABLE_OBJC_WEAK = YES;
				CLANG_WARN_BLOCK_CAPTURE_AUTORELEASING = YES;
				CLANG_WARN_BOOL_CONVERSION = YES;
				CLANG_WARN_COMMA = YES;
				CLANG_WARN_CONSTANT_CONVERSION = YES;
				CLANG_WARN_DEPRECATED_OBJC_IMPLEMENTATIONS = YES;
				CLANG_WARN_DIRECT_OBJC_ISA_USAGE = YES_ERROR;
				CLANG_WARN_DOCUMENTATION_COMMENTS = YES;
				CLANG_WARN_EMPTY_BODY = YES;
				CLANG_WARN_ENUM_CONVERSION = YES;
				CLANG_WARN_INFINITE_RECURSION = YES;
				CLANG_WARN_INT_CONVERSION = YES;
				CLANG_WARN_NON_LITERAL_NULL_CONVERSION = YES;
				CLANG_WARN_OBJC_IMPLICIT_RETAIN_SELF = YES;
				CLANG_WARN_OBJC_LITERAL_CONVERSION = YES;
				CLANG_WARN_OBJC_ROOT_CLASS = YES_ERROR;
				CLANG_WARN_RANGE_LOOP_ANALYSIS = YES;
				CLANG_WARN_STRICT_PROTOTYPES = YES;
				CLANG_WARN_SUSPICIOUS_MOVE = YES;
				CLANG_WARN_UNGUARDED_AVAILABILITY = YES_AGGRESSIVE;
				CLANG_WARN_UNREACHABLE_CODE = YES;
				CLANG_WARN__DUPLICATE_METHOD_MATCH = YES;
				CODE_SIGN_IDENTITY = "Mac Developer";
				COPY_PHASE_STRIP = NO;
				CURRENT_PROJECT_VERSION = 1;
				DEBUG_INFORMATION_FORMAT = "dwarf-with-dsym";
				ENABLE_NS_ASSERTIONS = NO;
				ENABLE_STRICT_OBJC_MSGSEND = YES;
				GCC_C_LANGUAGE_STANDARD = gnu11;
				GCC_NO_COMMON_BLOCKS = YES;
				GCC_WARN_64_TO_32_BIT_CONVERSION = YES;
				GCC_WARN_ABOUT_RETURN_TYPE = YES_ERROR;
				GCC_WARN_UNDECLARED_SELECTOR = YES;
				GCC_WARN_UNINITIALIZED_AUTOS = YES_AGGRESSIVE;
				GCC_WARN_UNUSED_FUNCTION = YES;
				GCC_WARN_UNUSED_VARIABLE = YES;
				MACOSX_DEPLOYMENT_TARGET = 10.13;
				MTL_ENABLE_DEBUG_INFO = NO;
				SDKROOT = macosx;
				SWIFT_COMPILATION_MODE = wholemodule;
				SWIFT_OPTIMIZATION_LEVEL = "-O";
				VERSIONING_SYSTEM = "apple-generic";
				VERSION_INFO_PREFIX = "";
			};
			name = Release;
		};
		63F8F4FF20E565D900C2BD5C /* Debug */ = {
			isa = XCBuildConfiguration;
			buildSettings = {
				CLANG_ENABLE_MODULES = YES;
				CODE_SIGN_IDENTITY = "";
				CODE_SIGN_STYLE = Automatic;
				COMBINE_HIDPI_IMAGES = YES;
				DEFINES_MODULE = YES;
				DEVELOPMENT_TEAM = AX46EWUA62;
				DYLIB_COMPATIBILITY_VERSION = 1;
				DYLIB_CURRENT_VERSION = 1;
				DYLIB_INSTALL_NAME_BASE = "@rpath";
				FRAMEWORK_VERSION = A;
				INFOPLIST_FILE = DynamicSwift/Info.plist;
				INSTALL_PATH = "$(LOCAL_LIBRARY_DIR)/Frameworks";
				LD_RUNPATH_SEARCH_PATHS = (
					"$(inherited)",
					"@executable_path/../Frameworks",
					"@loader_path/Frameworks",
				);
				PRODUCT_BUNDLE_IDENTIFIER = com.hartbit.DynamicSwift;
				PRODUCT_NAME = "$(TARGET_NAME:c99extidentifier)";
				SKIP_INSTALL = YES;
				SWIFT_OPTIMIZATION_LEVEL = "-Onone";
				SWIFT_VERSION = 4.2;
			};
			name = Debug;
		};
		63F8F50020E565D900C2BD5C /* Release */ = {
			isa = XCBuildConfiguration;
			buildSettings = {
				CLANG_ENABLE_MODULES = YES;
				CODE_SIGN_IDENTITY = "";
				CODE_SIGN_STYLE = Automatic;
				COMBINE_HIDPI_IMAGES = YES;
				DEFINES_MODULE = YES;
				DEVELOPMENT_TEAM = AX46EWUA62;
				DYLIB_COMPATIBILITY_VERSION = 1;
				DYLIB_CURRENT_VERSION = 1;
				DYLIB_INSTALL_NAME_BASE = "@rpath";
				FRAMEWORK_VERSION = A;
				INFOPLIST_FILE = DynamicSwift/Info.plist;
				INSTALL_PATH = "$(LOCAL_LIBRARY_DIR)/Frameworks";
				LD_RUNPATH_SEARCH_PATHS = (
					"$(inherited)",
					"@executable_path/../Frameworks",
					"@loader_path/Frameworks",
				);
				PRODUCT_BUNDLE_IDENTIFIER = com.hartbit.DynamicSwift;
				PRODUCT_NAME = "$(TARGET_NAME:c99extidentifier)";
				SKIP_INSTALL = YES;
				SWIFT_VERSION = 4.2;
			};
			name = Release;
		};
		63F8F50220E565D900C2BD5C /* Debug */ = {
			isa = XCBuildConfiguration;
			buildSettings = {
				ALWAYS_EMBED_SWIFT_STANDARD_LIBRARIES = YES;
				CODE_SIGN_STYLE = Automatic;
				COMBINE_HIDPI_IMAGES = YES;
				DEVELOPMENT_TEAM = AX46EWUA62;
				INFOPLIST_FILE = DynamicSwiftTests/Info.plist;
				LD_RUNPATH_SEARCH_PATHS = (
					"$(inherited)",
					"@executable_path/../Frameworks",
					"@loader_path/../Frameworks",
				);
				PRODUCT_BUNDLE_IDENTIFIER = ch.atipik.DynamicSwiftTests;
				PRODUCT_NAME = "$(TARGET_NAME)";
				SWIFT_VERSION = 4.2;
			};
			name = Debug;
		};
		63F8F50320E565D900C2BD5C /* Release */ = {
			isa = XCBuildConfiguration;
			buildSettings = {
				ALWAYS_EMBED_SWIFT_STANDARD_LIBRARIES = YES;
				CODE_SIGN_STYLE = Automatic;
				COMBINE_HIDPI_IMAGES = YES;
				DEVELOPMENT_TEAM = AX46EWUA62;
				INFOPLIST_FILE = DynamicSwiftTests/Info.plist;
				LD_RUNPATH_SEARCH_PATHS = (
					"$(inherited)",
					"@executable_path/../Frameworks",
					"@loader_path/../Frameworks",
				);
				PRODUCT_BUNDLE_IDENTIFIER = ch.atipik.DynamicSwiftTests;
				PRODUCT_NAME = "$(TARGET_NAME)";
				SWIFT_VERSION = 4.2;
			};
			name = Release;
		};
/* End XCBuildConfiguration section */

/* Begin XCConfigurationList section */
		63F8F4E420E565D800C2BD5C /* Build configuration list for PBXProject "DynamicSwift" */ = {
			isa = XCConfigurationList;
			buildConfigurations = (
				63F8F4FC20E565D900C2BD5C /* Debug */,
				63F8F4FD20E565D900C2BD5C /* Release */,
			);
			defaultConfigurationIsVisible = 0;
			defaultConfigurationName = Release;
		};
		63F8F4FE20E565D900C2BD5C /* Build configuration list for PBXNativeTarget "DynamicSwift" */ = {
			isa = XCConfigurationList;
			buildConfigurations = (
				63F8F4FF20E565D900C2BD5C /* Debug */,
				63F8F50020E565D900C2BD5C /* Release */,
			);
			defaultConfigurationIsVisible = 0;
			defaultConfigurationName = Release;
		};
		63F8F50120E565D900C2BD5C /* Build configuration list for PBXNativeTarget "DynamicSwiftTests" */ = {
			isa = XCConfigurationList;
			buildConfigurations = (
				63F8F50220E565D900C2BD5C /* Debug */,
				63F8F50320E565D900C2BD5C /* Release */,
			);
			defaultConfigurationIsVisible = 0;
			defaultConfigurationName = Release;
		};
/* End XCConfigurationList section */
	};
	rootObject = 63F8F4E120E565D800C2BD5C /* Project object */;
}
